
Microsoft Visual Studio Solution File, Format Version 12.00
# Visual Studio Version 17
VisualStudioVersion = 17.2.32616.157
MinimumVisualStudioVersion = 10.0.40219.1
Project("{2150E333-8FDC-42A3-9474-1A3956D46DE8}") = "Solution Items", "Solution Items", "{F87EB567-5306-4BC1-B3FA-F1DC1AE06355}"
	ProjectSection(SolutionItems) = preProject
		.editorconfig = .editorconfig
	EndProjectSection
EndProject
Project("{FAE04EC0-301F-11D3-BF4B-00C04F79EFBC}") = "ConsoleTafels", "ConsoleTafels\ConsoleTafels.csproj", "{1071EC27-FABF-44EB-B000-DBAEB4BCA931}"
EndProject
Project("{FAE04EC0-301F-11D3-BF4B-00C04F79EFBC}") = "ConsoleFaculteit", "ConsoleFaculteit\ConsoleFaculteit.csproj", "{9CBB3FC6-5DEE-4B67-9CEA-8641D55F6734}"
EndProject
Project("{FAE04EC0-301F-11D3-BF4B-00C04F79EFBC}") = "ConsoleSchrikkeljaar", "ConsoleSchrikkeljaar\ConsoleSchrikkeljaar.csproj", "{1A214A36-CA9E-4991-BD3F-6D2F7FE7C04C}"
EndProject
Project("{FAE04EC0-301F-11D3-BF4B-00C04F79EFBC}") = "ConsoleTemperatuur", "ConsoleTemperatuur\ConsoleTemperatuur.csproj", "{88786519-BB47-4AEE-B57F-4B41DBA79C45}"
EndProject
Project("{FAE04EC0-301F-11D3-BF4B-00C04F79EFBC}") = "WpfCarConfigurator", "WpfCarConfigurator\WpfCarConfigurator.csproj", "{39B74325-D37A-452A-9E9C-879679D13D18}"
EndProject
Global
	GlobalSection(SolutionConfigurationPlatforms) = preSolution
		Debug|Any CPU = Debug|Any CPU
		Release|Any CPU = Release|Any CPU
	EndGlobalSection
	GlobalSection(ProjectConfigurationPlatforms) = postSolution
		{1071EC27-FABF-44EB-B000-DBAEB4BCA931}.Debug|Any CPU.ActiveCfg = Debug|Any CPU
		{1071EC27-FABF-44EB-B000-DBAEB4BCA931}.Debug|Any CPU.Build.0 = Debug|Any CPU
		{1071EC27-FABF-44EB-B000-DBAEB4BCA931}.Release|Any CPU.ActiveCfg = Release|Any CPU
		{1071EC27-FABF-44EB-B000-DBAEB4BCA931}.Release|Any CPU.Build.0 = Release|Any CPU
		{9CBB3FC6-5DEE-4B67-9CEA-8641D55F6734}.Debug|Any CPU.ActiveCfg = Debug|Any CPU
		{9CBB3FC6-5DEE-4B67-9CEA-8641D55F6734}.Debug|Any CPU.Build.0 = Debug|Any CPU
		{9CBB3FC6-5DEE-4B67-9CEA-8641D55F6734}.Release|Any CPU.ActiveCfg = Release|Any CPU
		{9CBB3FC6-5DEE-4B67-9CEA-8641D55F6734}.Release|Any CPU.Build.0 = Release|Any CPU
		{1A214A36-CA9E-4991-BD3F-6D2F7FE7C04C}.Debug|Any CPU.ActiveCfg = Debug|Any CPU
		{1A214A36-CA9E-4991-BD3F-6D2F7FE7C04C}.Debug|Any CPU.Build.0 = Debug|Any CPU
		{1A214A36-CA9E-4991-BD3F-6D2F7FE7C04C}.Release|Any CPU.ActiveCfg = Release|Any CPU
		{1A214A36-CA9E-4991-BD3F-6D2F7FE7C04C}.Release|Any CPU.Build.0 = Release|Any CPU
		{88786519-BB47-4AEE-B57F-4B41DBA79C45}.Debug|Any CPU.ActiveCfg = Debug|Any CPU
		{88786519-BB47-4AEE-B57F-4B41DBA79C45}.Debug|Any CPU.Build.0 = Debug|Any CPU
		{88786519-BB47-4AEE-B57F-4B41DBA79C45}.Release|Any CPU.ActiveCfg = Release|Any CPU
		{88786519-BB47-4AEE-B57F-4B41DBA79C45}.Release|Any CPU.Build.0 = Release|Any CPU
		{39B74325-D37A-452A-9E9C-879679D13D18}.Debug|Any CPU.ActiveCfg = Debug|Any CPU
		{39B74325-D37A-452A-9E9C-879679D13D18}.Debug|Any CPU.Build.0 = Debug|Any CPU
		{39B74325-D37A-452A-9E9C-879679D13D18}.Release|Any CPU.ActiveCfg = Release|Any CPU
		{39B74325-D37A-452A-9E9C-879679D13D18}.Release|Any CPU.Build.0 = Release|Any CPU
	EndGlobalSection
	GlobalSection(SolutionProperties) = preSolution
		HideSolutionNode = FALSE
	EndGlobalSection
	GlobalSection(ExtensibilityGlobals) = postSolution
		SolutionGuid = {81BB8013-E21A-4A3F-AEE2-4BB988924393}
	EndGlobalSection
EndGlobal
