
Microsoft Visual Studio Solution File, Format Version 12.00
# Visual Studio Version 17
VisualStudioVersion = 17.2.32616.157
MinimumVisualStudioVersion = 10.0.40219.1
Project("{FAE04EC0-301F-11D3-BF4B-00C04F79EFBC}") = "ConsoleTafels (1)", "ConsoleTafels (1)\ConsoleTafels (1).csproj", "{20A6C221-01C7-44C1-A1E4-E0BFFD1AC349}"
EndProject
Project("{2150E333-8FDC-42A3-9474-1A3956D46DE8}") = "Solution Items", "Solution Items", "{F87EB567-5306-4BC1-B3FA-F1DC1AE06355}"
	ProjectSection(SolutionItems) = preProject
		.editorconfig = .editorconfig
	EndProjectSection
EndProject
Project("{FAE04EC0-301F-11D3-BF4B-00C04F79EFBC}") = "ConsoleTafels (2)", "ConsoleTafels (2)\ConsoleTafels (2).csproj", "{1071EC27-FABF-44EB-B000-DBAEB4BCA931}"
EndProject
Global
	GlobalSection(SolutionConfigurationPlatforms) = preSolution
		Debug|Any CPU = Debug|Any CPU
		Release|Any CPU = Release|Any CPU
	EndGlobalSection
	GlobalSection(ProjectConfigurationPlatforms) = postSolution
		{20A6C221-01C7-44C1-A1E4-E0BFFD1AC349}.Debug|Any CPU.ActiveCfg = Debug|Any CPU
		{20A6C221-01C7-44C1-A1E4-E0BFFD1AC349}.Debug|Any CPU.Build.0 = Debug|Any CPU
		{20A6C221-01C7-44C1-A1E4-E0BFFD1AC349}.Release|Any CPU.ActiveCfg = Release|Any CPU
		{20A6C221-01C7-44C1-A1E4-E0BFFD1AC349}.Release|Any CPU.Build.0 = Release|Any CPU
		{1071EC27-FABF-44EB-B000-DBAEB4BCA931}.Debug|Any CPU.ActiveCfg = Debug|Any CPU
		{1071EC27-FABF-44EB-B000-DBAEB4BCA931}.Debug|Any CPU.Build.0 = Debug|Any CPU
		{1071EC27-FABF-44EB-B000-DBAEB4BCA931}.Release|Any CPU.ActiveCfg = Release|Any CPU
		{1071EC27-FABF-44EB-B000-DBAEB4BCA931}.Release|Any CPU.Build.0 = Release|Any CPU
	EndGlobalSection
	GlobalSection(SolutionProperties) = preSolution
		HideSolutionNode = FALSE
	EndGlobalSection
	GlobalSection(ExtensibilityGlobals) = postSolution
		SolutionGuid = {81BB8013-E21A-4A3F-AEE2-4BB988924393}
	EndGlobalSection
EndGlobal
