
Microsoft Visual Studio Solution File, Format Version 12.00
# Visual Studio Version 17
VisualStudioVersion = 17.2.32616.157
MinimumVisualStudioVersion = 10.0.40219.1
Project("{FAE04EC0-301F-11D3-BF4B-00C04F79EFBC}") = "ConsoleBMI", "ConsoleBMI\ConsoleBMI.csproj", "{CEA8B818-99A9-4570-BC0D-F4F0040A627B}"
EndProject
Project("{FAE04EC0-301F-11D3-BF4B-00C04F79EFBC}") = "WpfBMI", "WpfBMI\WpfBMI.csproj", "{215D67CC-E4AB-432C-B5D4-5E56CACB7873}"
EndProject
Global
	GlobalSection(SolutionConfigurationPlatforms) = preSolution
		Debug|Any CPU = Debug|Any CPU
		Release|Any CPU = Release|Any CPU
	EndGlobalSection
	GlobalSection(ProjectConfigurationPlatforms) = postSolution
		{CEA8B818-99A9-4570-BC0D-F4F0040A627B}.Debug|Any CPU.ActiveCfg = Debug|Any CPU
		{CEA8B818-99A9-4570-BC0D-F4F0040A627B}.Debug|Any CPU.Build.0 = Debug|Any CPU
		{CEA8B818-99A9-4570-BC0D-F4F0040A627B}.Release|Any CPU.ActiveCfg = Release|Any CPU
		{CEA8B818-99A9-4570-BC0D-F4F0040A627B}.Release|Any CPU.Build.0 = Release|Any CPU
		{215D67CC-E4AB-432C-B5D4-5E56CACB7873}.Debug|Any CPU.ActiveCfg = Debug|Any CPU
		{215D67CC-E4AB-432C-B5D4-5E56CACB7873}.Debug|Any CPU.Build.0 = Debug|Any CPU
		{215D67CC-E4AB-432C-B5D4-5E56CACB7873}.Release|Any CPU.ActiveCfg = Release|Any CPU
		{215D67CC-E4AB-432C-B5D4-5E56CACB7873}.Release|Any CPU.Build.0 = Release|Any CPU
	EndGlobalSection
	GlobalSection(SolutionProperties) = preSolution
		HideSolutionNode = FALSE
	EndGlobalSection
	GlobalSection(ExtensibilityGlobals) = postSolution
		SolutionGuid = {05181598-B464-4476-AC8F-D17F4D5B1884}
	EndGlobalSection
EndGlobal
