
Microsoft Visual Studio Solution File, Format Version 12.00
# Visual Studio Version 17
VisualStudioVersion = 17.2.32616.157
MinimumVisualStudioVersion = 10.0.40219.1
Project("{FAE04EC0-301F-11D3-BF4B-00C04F79EFBC}") = "ConsoleBMI", "ConsoleBMI\ConsoleBMI.csproj", "{CEA8B818-99A9-4570-BC0D-F4F0040A627B}"
EndProject
Project("{FAE04EC0-301F-11D3-BF4B-00C04F79EFBC}") = "WpfBMI", "WpfBMI\WpfBMI.csproj", "{215D67CC-E4AB-432C-B5D4-5E56CACB7873}"
EndProject
Project("{2150E333-8FDC-42A3-9474-1A3956D46DE8}") = "Solution Items", "Solution Items", "{13853C9A-0F60-4904-BAE6-C1B6725CF09E}"
	ProjectSection(SolutionItems) = preProject
		.editorconfig = .editorconfig
	EndProjectSection
EndProject
Project("{FAE04EC0-301F-11D3-BF4B-00C04F79EFBC}") = "ConsoleSeconden", "ConsoleSeconden\ConsoleSeconden.csproj", "{F01F5B2D-78FB-4A0B-A215-C115A8404A61}"
EndProject
Project("{FAE04EC0-301F-11D3-BF4B-00C04F79EFBC}") = "ConsoleBuffet", "ConsoleBuffet\ConsoleBuffet.csproj", "{112DFC36-D51A-4492-9253-F397392E72C9}"
EndProject
Project("{FAE04EC0-301F-11D3-BF4B-00C04F79EFBC}") = "WpfInterest", "WpfInterest\WpfInterest.csproj", "{84CA39A2-CAE4-432F-80AE-D576C971AA24}"
EndProject
Project("{FAE04EC0-301F-11D3-BF4B-00C04F79EFBC}") = "WpfWinkel", "WpfWinkel\WpfWinkel.csproj", "{4FE47BAE-8D49-446F-B01F-8E66D37DD08F}"
EndProject
Project("{FAE04EC0-301F-11D3-BF4B-00C04F79EFBC}") = "WpfAlcohol", "WpfAlcohol\WpfAlcohol.csproj", "{689B1032-DF36-4F41-8F1C-E78C4EBB7B4D}"
EndProject
Project("{FAE04EC0-301F-11D3-BF4B-00C04F79EFBC}") = "WpfCalculator", "WpfCalculator\WpfCalculator.csproj", "{178904D2-AD92-423A-BFFD-8D21ED74F1F9}"
EndProject
Global
	GlobalSection(SolutionConfigurationPlatforms) = preSolution
		Debug|Any CPU = Debug|Any CPU
		Release|Any CPU = Release|Any CPU
	EndGlobalSection
	GlobalSection(ProjectConfigurationPlatforms) = postSolution
		{CEA8B818-99A9-4570-BC0D-F4F0040A627B}.Debug|Any CPU.ActiveCfg = Debug|Any CPU
		{CEA8B818-99A9-4570-BC0D-F4F0040A627B}.Debug|Any CPU.Build.0 = Debug|Any CPU
		{CEA8B818-99A9-4570-BC0D-F4F0040A627B}.Release|Any CPU.ActiveCfg = Release|Any CPU
		{CEA8B818-99A9-4570-BC0D-F4F0040A627B}.Release|Any CPU.Build.0 = Release|Any CPU
		{215D67CC-E4AB-432C-B5D4-5E56CACB7873}.Debug|Any CPU.ActiveCfg = Debug|Any CPU
		{215D67CC-E4AB-432C-B5D4-5E56CACB7873}.Debug|Any CPU.Build.0 = Debug|Any CPU
		{215D67CC-E4AB-432C-B5D4-5E56CACB7873}.Release|Any CPU.ActiveCfg = Release|Any CPU
		{215D67CC-E4AB-432C-B5D4-5E56CACB7873}.Release|Any CPU.Build.0 = Release|Any CPU
		{F01F5B2D-78FB-4A0B-A215-C115A8404A61}.Debug|Any CPU.ActiveCfg = Debug|Any CPU
		{F01F5B2D-78FB-4A0B-A215-C115A8404A61}.Debug|Any CPU.Build.0 = Debug|Any CPU
		{F01F5B2D-78FB-4A0B-A215-C115A8404A61}.Release|Any CPU.ActiveCfg = Release|Any CPU
		{F01F5B2D-78FB-4A0B-A215-C115A8404A61}.Release|Any CPU.Build.0 = Release|Any CPU
		{112DFC36-D51A-4492-9253-F397392E72C9}.Debug|Any CPU.ActiveCfg = Debug|Any CPU
		{112DFC36-D51A-4492-9253-F397392E72C9}.Debug|Any CPU.Build.0 = Debug|Any CPU
		{112DFC36-D51A-4492-9253-F397392E72C9}.Release|Any CPU.ActiveCfg = Release|Any CPU
		{112DFC36-D51A-4492-9253-F397392E72C9}.Release|Any CPU.Build.0 = Release|Any CPU
		{84CA39A2-CAE4-432F-80AE-D576C971AA24}.Debug|Any CPU.ActiveCfg = Debug|Any CPU
		{84CA39A2-CAE4-432F-80AE-D576C971AA24}.Debug|Any CPU.Build.0 = Debug|Any CPU
		{84CA39A2-CAE4-432F-80AE-D576C971AA24}.Release|Any CPU.ActiveCfg = Release|Any CPU
		{84CA39A2-CAE4-432F-80AE-D576C971AA24}.Release|Any CPU.Build.0 = Release|Any CPU
		{4FE47BAE-8D49-446F-B01F-8E66D37DD08F}.Debug|Any CPU.ActiveCfg = Debug|Any CPU
		{4FE47BAE-8D49-446F-B01F-8E66D37DD08F}.Debug|Any CPU.Build.0 = Debug|Any CPU
		{4FE47BAE-8D49-446F-B01F-8E66D37DD08F}.Release|Any CPU.ActiveCfg = Release|Any CPU
		{4FE47BAE-8D49-446F-B01F-8E66D37DD08F}.Release|Any CPU.Build.0 = Release|Any CPU
		{689B1032-DF36-4F41-8F1C-E78C4EBB7B4D}.Debug|Any CPU.ActiveCfg = Debug|Any CPU
		{689B1032-DF36-4F41-8F1C-E78C4EBB7B4D}.Debug|Any CPU.Build.0 = Debug|Any CPU
		{689B1032-DF36-4F41-8F1C-E78C4EBB7B4D}.Release|Any CPU.ActiveCfg = Release|Any CPU
		{689B1032-DF36-4F41-8F1C-E78C4EBB7B4D}.Release|Any CPU.Build.0 = Release|Any CPU
		{178904D2-AD92-423A-BFFD-8D21ED74F1F9}.Debug|Any CPU.ActiveCfg = Debug|Any CPU
		{178904D2-AD92-423A-BFFD-8D21ED74F1F9}.Debug|Any CPU.Build.0 = Debug|Any CPU
		{178904D2-AD92-423A-BFFD-8D21ED74F1F9}.Release|Any CPU.ActiveCfg = Release|Any CPU
		{178904D2-AD92-423A-BFFD-8D21ED74F1F9}.Release|Any CPU.Build.0 = Release|Any CPU
	EndGlobalSection
	GlobalSection(SolutionProperties) = preSolution
		HideSolutionNode = FALSE
	EndGlobalSection
	GlobalSection(ExtensibilityGlobals) = postSolution
		SolutionGuid = {05181598-B464-4476-AC8F-D17F4D5B1884}
	EndGlobalSection
EndGlobal
