
Microsoft Visual Studio Solution File, Format Version 12.00
# Visual Studio Version 17
VisualStudioVersion = 17.2.32616.157
MinimumVisualStudioVersion = 10.0.40219.1
Project("{FAE04EC0-301F-11D3-BF4B-00C04F79EFBC}") = "ConsoleLancering", "ConsoleLancering\ConsoleLancering.csproj", "{6AD9628C-B883-4602-A306-F331427E085D}"
EndProject
Project("{FAE04EC0-301F-11D3-BF4B-00C04F79EFBC}") = "ConsoleRaden", "ConsoleRaden\ConsoleRaden.csproj", "{4B8CC3E8-848F-45E3-8424-A4B451AF59C9}"
EndProject
Project("{2150E333-8FDC-42A3-9474-1A3956D46DE8}") = "Solution Items", "Solution Items", "{FE665002-1BA8-473E-907D-21349E76AFF5}"
	ProjectSection(SolutionItems) = preProject
		.editorconfig = .editorconfig
	EndProjectSection
EndProject
Project("{FAE04EC0-301F-11D3-BF4B-00C04F79EFBC}") = "ConsoleOnderBoven", "ConsoleOnderBoven\ConsoleOnderBoven.csproj", "{6E2AA558-9D41-433A-9732-B3F99A726C25}"
EndProject
Project("{FAE04EC0-301F-11D3-BF4B-00C04F79EFBC}") = "ConsoleSom", "ConsoleSom\ConsoleSom.csproj", "{9AF17B47-1663-431B-9013-B7C841FA41F6}"
EndProject
Project("{FAE04EC0-301F-11D3-BF4B-00C04F79EFBC}") = "ConsoleBankautomaat", "ConsoleBankautomaat\ConsoleBankautomaat.csproj", "{8264C6E9-596A-484A-9799-03DA2E19618B}"
EndProject
Project("{FAE04EC0-301F-11D3-BF4B-00C04F79EFBC}") = "WpfPriemgetal", "WpfPriemgetal\WpfPriemgetal.csproj", "{76C3BE2B-2E69-4BE5-A420-551BA9ADC19A}"
EndProject
Project("{FAE04EC0-301F-11D3-BF4B-00C04F79EFBC}") = "WpfBoodschappenlijst", "WpfBoodschappenlijst\WpfBoodschappenlijst.csproj", "{49C6515C-3D1F-4221-B08E-DE688F468C97}"
EndProject
Project("{FAE04EC0-301F-11D3-BF4B-00C04F79EFBC}") = "WpfEllipsen (1)", "WpfEllipsen (1)\WpfEllipsen (1).csproj", "{51E44338-990A-4398-BDC8-7D6E62C1CE66}"
EndProject
Project("{FAE04EC0-301F-11D3-BF4B-00C04F79EFBC}") = "WpfEllipsen (2)", "WpfEllipsen (2)\WpfEllipsen (2).csproj", "{3E039BCA-1296-4859-8BC7-9AD52563DA38}"
EndProject
Global
	GlobalSection(SolutionConfigurationPlatforms) = preSolution
		Debug|Any CPU = Debug|Any CPU
		Release|Any CPU = Release|Any CPU
	EndGlobalSection
	GlobalSection(ProjectConfigurationPlatforms) = postSolution
		{6AD9628C-B883-4602-A306-F331427E085D}.Debug|Any CPU.ActiveCfg = Debug|Any CPU
		{6AD9628C-B883-4602-A306-F331427E085D}.Debug|Any CPU.Build.0 = Debug|Any CPU
		{6AD9628C-B883-4602-A306-F331427E085D}.Release|Any CPU.ActiveCfg = Release|Any CPU
		{6AD9628C-B883-4602-A306-F331427E085D}.Release|Any CPU.Build.0 = Release|Any CPU
		{4B8CC3E8-848F-45E3-8424-A4B451AF59C9}.Debug|Any CPU.ActiveCfg = Debug|Any CPU
		{4B8CC3E8-848F-45E3-8424-A4B451AF59C9}.Debug|Any CPU.Build.0 = Debug|Any CPU
		{4B8CC3E8-848F-45E3-8424-A4B451AF59C9}.Release|Any CPU.ActiveCfg = Release|Any CPU
		{4B8CC3E8-848F-45E3-8424-A4B451AF59C9}.Release|Any CPU.Build.0 = Release|Any CPU
		{6E2AA558-9D41-433A-9732-B3F99A726C25}.Debug|Any CPU.ActiveCfg = Debug|Any CPU
		{6E2AA558-9D41-433A-9732-B3F99A726C25}.Debug|Any CPU.Build.0 = Debug|Any CPU
		{6E2AA558-9D41-433A-9732-B3F99A726C25}.Release|Any CPU.ActiveCfg = Release|Any CPU
		{6E2AA558-9D41-433A-9732-B3F99A726C25}.Release|Any CPU.Build.0 = Release|Any CPU
		{9AF17B47-1663-431B-9013-B7C841FA41F6}.Debug|Any CPU.ActiveCfg = Debug|Any CPU
		{9AF17B47-1663-431B-9013-B7C841FA41F6}.Debug|Any CPU.Build.0 = Debug|Any CPU
		{9AF17B47-1663-431B-9013-B7C841FA41F6}.Release|Any CPU.ActiveCfg = Release|Any CPU
		{9AF17B47-1663-431B-9013-B7C841FA41F6}.Release|Any CPU.Build.0 = Release|Any CPU
		{8264C6E9-596A-484A-9799-03DA2E19618B}.Debug|Any CPU.ActiveCfg = Debug|Any CPU
		{8264C6E9-596A-484A-9799-03DA2E19618B}.Debug|Any CPU.Build.0 = Debug|Any CPU
		{8264C6E9-596A-484A-9799-03DA2E19618B}.Release|Any CPU.ActiveCfg = Release|Any CPU
		{8264C6E9-596A-484A-9799-03DA2E19618B}.Release|Any CPU.Build.0 = Release|Any CPU
		{76C3BE2B-2E69-4BE5-A420-551BA9ADC19A}.Debug|Any CPU.ActiveCfg = Debug|Any CPU
		{76C3BE2B-2E69-4BE5-A420-551BA9ADC19A}.Debug|Any CPU.Build.0 = Debug|Any CPU
		{76C3BE2B-2E69-4BE5-A420-551BA9ADC19A}.Release|Any CPU.ActiveCfg = Release|Any CPU
		{76C3BE2B-2E69-4BE5-A420-551BA9ADC19A}.Release|Any CPU.Build.0 = Release|Any CPU
		{49C6515C-3D1F-4221-B08E-DE688F468C97}.Debug|Any CPU.ActiveCfg = Debug|Any CPU
		{49C6515C-3D1F-4221-B08E-DE688F468C97}.Debug|Any CPU.Build.0 = Debug|Any CPU
		{49C6515C-3D1F-4221-B08E-DE688F468C97}.Release|Any CPU.ActiveCfg = Release|Any CPU
		{49C6515C-3D1F-4221-B08E-DE688F468C97}.Release|Any CPU.Build.0 = Release|Any CPU
		{51E44338-990A-4398-BDC8-7D6E62C1CE66}.Debug|Any CPU.ActiveCfg = Debug|Any CPU
		{51E44338-990A-4398-BDC8-7D6E62C1CE66}.Debug|Any CPU.Build.0 = Debug|Any CPU
		{51E44338-990A-4398-BDC8-7D6E62C1CE66}.Release|Any CPU.ActiveCfg = Release|Any CPU
		{51E44338-990A-4398-BDC8-7D6E62C1CE66}.Release|Any CPU.Build.0 = Release|Any CPU
		{3E039BCA-1296-4859-8BC7-9AD52563DA38}.Debug|Any CPU.ActiveCfg = Debug|Any CPU
		{3E039BCA-1296-4859-8BC7-9AD52563DA38}.Debug|Any CPU.Build.0 = Debug|Any CPU
		{3E039BCA-1296-4859-8BC7-9AD52563DA38}.Release|Any CPU.ActiveCfg = Release|Any CPU
		{3E039BCA-1296-4859-8BC7-9AD52563DA38}.Release|Any CPU.Build.0 = Release|Any CPU
	EndGlobalSection
	GlobalSection(SolutionProperties) = preSolution
		HideSolutionNode = FALSE
	EndGlobalSection
	GlobalSection(ExtensibilityGlobals) = postSolution
		SolutionGuid = {1AC41987-C1D5-4481-8145-3A8895B55A97}
	EndGlobalSection
EndGlobal
