
Microsoft Visual Studio Solution File, Format Version 12.00
# Visual Studio Version 17
VisualStudioVersion = 17.2.32616.157
MinimumVisualStudioVersion = 10.0.40219.1
Project("{FAE04EC0-301F-11D3-BF4B-00C04F79EFBC}") = "ConsoleRaden", "ConsoleRaden\ConsoleRaden.csproj", "{B9E6D2CF-BFF1-4902-9172-5A3B7E9646A2}"
EndProject
Project("{2150E333-8FDC-42A3-9474-1A3956D46DE8}") = "Solution Items", "Solution Items", "{10BA6F7C-D485-4745-B01C-6DE959E8EE32}"
	ProjectSection(SolutionItems) = preProject
		.editorconfig = .editorconfig
	EndProjectSection
EndProject
Project("{FAE04EC0-301F-11D3-BF4B-00C04F79EFBC}") = "WpfSliderKleur", "WpfSliderKleur\WpfSliderKleur.csproj", "{63A9585F-6B9B-42A2-B9E8-F7C3D95331E3}"
EndProject
Project("{FAE04EC0-301F-11D3-BF4B-00C04F79EFBC}") = "WpfRaden", "WpfRaden\WpfRaden.csproj", "{7989CB74-A040-48AD-94D4-DA14D6E722DC}"
EndProject
Project("{FAE04EC0-301F-11D3-BF4B-00C04F79EFBC}") = "WpfBieden", "WpfBieden\WpfBieden.csproj", "{494DE325-585B-4314-835B-E10CA36FDB2B}"
EndProject
Project("{FAE04EC0-301F-11D3-BF4B-00C04F79EFBC}") = "ConsoleBestelling", "ConsoleBestelling\ConsoleBestelling.csproj", "{262C3F24-6155-4F4C-93C6-DDACF3AFF65C}"
EndProject
Global
	GlobalSection(SolutionConfigurationPlatforms) = preSolution
		Debug|Any CPU = Debug|Any CPU
		Release|Any CPU = Release|Any CPU
	EndGlobalSection
	GlobalSection(ProjectConfigurationPlatforms) = postSolution
		{B9E6D2CF-BFF1-4902-9172-5A3B7E9646A2}.Debug|Any CPU.ActiveCfg = Debug|Any CPU
		{B9E6D2CF-BFF1-4902-9172-5A3B7E9646A2}.Debug|Any CPU.Build.0 = Debug|Any CPU
		{B9E6D2CF-BFF1-4902-9172-5A3B7E9646A2}.Release|Any CPU.ActiveCfg = Release|Any CPU
		{B9E6D2CF-BFF1-4902-9172-5A3B7E9646A2}.Release|Any CPU.Build.0 = Release|Any CPU
		{63A9585F-6B9B-42A2-B9E8-F7C3D95331E3}.Debug|Any CPU.ActiveCfg = Debug|Any CPU
		{63A9585F-6B9B-42A2-B9E8-F7C3D95331E3}.Debug|Any CPU.Build.0 = Debug|Any CPU
		{63A9585F-6B9B-42A2-B9E8-F7C3D95331E3}.Release|Any CPU.ActiveCfg = Release|Any CPU
		{63A9585F-6B9B-42A2-B9E8-F7C3D95331E3}.Release|Any CPU.Build.0 = Release|Any CPU
		{7989CB74-A040-48AD-94D4-DA14D6E722DC}.Debug|Any CPU.ActiveCfg = Debug|Any CPU
		{7989CB74-A040-48AD-94D4-DA14D6E722DC}.Debug|Any CPU.Build.0 = Debug|Any CPU
		{7989CB74-A040-48AD-94D4-DA14D6E722DC}.Release|Any CPU.ActiveCfg = Release|Any CPU
		{7989CB74-A040-48AD-94D4-DA14D6E722DC}.Release|Any CPU.Build.0 = Release|Any CPU
		{494DE325-585B-4314-835B-E10CA36FDB2B}.Debug|Any CPU.ActiveCfg = Debug|Any CPU
		{494DE325-585B-4314-835B-E10CA36FDB2B}.Debug|Any CPU.Build.0 = Debug|Any CPU
		{494DE325-585B-4314-835B-E10CA36FDB2B}.Release|Any CPU.ActiveCfg = Release|Any CPU
		{494DE325-585B-4314-835B-E10CA36FDB2B}.Release|Any CPU.Build.0 = Release|Any CPU
		{262C3F24-6155-4F4C-93C6-DDACF3AFF65C}.Debug|Any CPU.ActiveCfg = Debug|Any CPU
		{262C3F24-6155-4F4C-93C6-DDACF3AFF65C}.Debug|Any CPU.Build.0 = Debug|Any CPU
		{262C3F24-6155-4F4C-93C6-DDACF3AFF65C}.Release|Any CPU.ActiveCfg = Release|Any CPU
		{262C3F24-6155-4F4C-93C6-DDACF3AFF65C}.Release|Any CPU.Build.0 = Release|Any CPU
	EndGlobalSection
	GlobalSection(SolutionProperties) = preSolution
		HideSolutionNode = FALSE
	EndGlobalSection
	GlobalSection(ExtensibilityGlobals) = postSolution
		SolutionGuid = {D81686E6-89BD-4A14-8147-1EC0689AB941}
	EndGlobalSection
EndGlobal
