
Microsoft Visual Studio Solution File, Format Version 12.00
# Visual Studio Version 17
VisualStudioVersion = 17.2.32616.157
MinimumVisualStudioVersion = 10.0.40219.1
Project("{FAE04EC0-301F-11D3-BF4B-00C04F79EFBC}") = "WpfCopy", "WpfCopy\WpfCopy.csproj", "{A7148920-636A-4C77-9346-81100B4F527F}"
EndProject
Project("{2150E333-8FDC-42A3-9474-1A3956D46DE8}") = "Solution Items", "Solution Items", "{25A08F81-81DB-4436-BDC8-5EC27A59C1BB}"
	ProjectSection(SolutionItems) = preProject
		.editorconfig = .editorconfig
	EndProjectSection
EndProject
Project("{FAE04EC0-301F-11D3-BF4B-00C04F79EFBC}") = "WpfFileInfo", "WpfFileInfo\WpfFileInfo.csproj", "{9C2EFD3E-E775-4E2B-AAE9-E91E90F8161F}"
EndProject
Project("{FAE04EC0-301F-11D3-BF4B-00C04F79EFBC}") = "ConsoleCsv", "ConsoleCsv\ConsoleCsv.csproj", "{F21A3377-3012-43DD-A230-82CC461C3070}"
EndProject
Project("{FAE04EC0-301F-11D3-BF4B-00C04F79EFBC}") = "WpfCompare", "WpfCompare\WpfCompare.csproj", "{76921A4D-F0FB-49D7-8CAC-4D69C0A2FDDB}"
EndProject
Global
	GlobalSection(SolutionConfigurationPlatforms) = preSolution
		Debug|Any CPU = Debug|Any CPU
		Release|Any CPU = Release|Any CPU
	EndGlobalSection
	GlobalSection(ProjectConfigurationPlatforms) = postSolution
		{A7148920-636A-4C77-9346-81100B4F527F}.Debug|Any CPU.ActiveCfg = Debug|Any CPU
		{A7148920-636A-4C77-9346-81100B4F527F}.Debug|Any CPU.Build.0 = Debug|Any CPU
		{A7148920-636A-4C77-9346-81100B4F527F}.Release|Any CPU.ActiveCfg = Release|Any CPU
		{A7148920-636A-4C77-9346-81100B4F527F}.Release|Any CPU.Build.0 = Release|Any CPU
		{9C2EFD3E-E775-4E2B-AAE9-E91E90F8161F}.Debug|Any CPU.ActiveCfg = Debug|Any CPU
		{9C2EFD3E-E775-4E2B-AAE9-E91E90F8161F}.Debug|Any CPU.Build.0 = Debug|Any CPU
		{9C2EFD3E-E775-4E2B-AAE9-E91E90F8161F}.Release|Any CPU.ActiveCfg = Release|Any CPU
		{9C2EFD3E-E775-4E2B-AAE9-E91E90F8161F}.Release|Any CPU.Build.0 = Release|Any CPU
		{F21A3377-3012-43DD-A230-82CC461C3070}.Debug|Any CPU.ActiveCfg = Debug|Any CPU
		{F21A3377-3012-43DD-A230-82CC461C3070}.Debug|Any CPU.Build.0 = Debug|Any CPU
		{F21A3377-3012-43DD-A230-82CC461C3070}.Release|Any CPU.ActiveCfg = Release|Any CPU
		{F21A3377-3012-43DD-A230-82CC461C3070}.Release|Any CPU.Build.0 = Release|Any CPU
		{76921A4D-F0FB-49D7-8CAC-4D69C0A2FDDB}.Debug|Any CPU.ActiveCfg = Debug|Any CPU
		{76921A4D-F0FB-49D7-8CAC-4D69C0A2FDDB}.Debug|Any CPU.Build.0 = Debug|Any CPU
		{76921A4D-F0FB-49D7-8CAC-4D69C0A2FDDB}.Release|Any CPU.ActiveCfg = Release|Any CPU
		{76921A4D-F0FB-49D7-8CAC-4D69C0A2FDDB}.Release|Any CPU.Build.0 = Release|Any CPU
	EndGlobalSection
	GlobalSection(SolutionProperties) = preSolution
		HideSolutionNode = FALSE
	EndGlobalSection
	GlobalSection(ExtensibilityGlobals) = postSolution
		SolutionGuid = {27372F85-9285-47A4-AB27-9005FBE4549D}
	EndGlobalSection
EndGlobal
