
Microsoft Visual Studio Solution File, Format Version 12.00
# Visual Studio Version 16
VisualStudioVersion = 16.0.30611.23
MinimumVisualStudioVersion = 10.0.40219.1
Project("{FAE04EC0-301F-11D3-BF4B-00C04F79EFBC}") = "DemoWpfButton", "DemoWpfButton\DemoWpfButton.csproj", "{37E2D803-816C-4359-809B-BB85C4FAC88A}"
EndProject
Project("{FAE04EC0-301F-11D3-BF4B-00C04F79EFBC}") = "DemoWpfCheckbox", "DemoWpfCheckbox\DemoWpfCheckbox.csproj", "{06482C48-88E8-4B66-BDE9-ED3843477507}"
EndProject
Project("{FAE04EC0-301F-11D3-BF4B-00C04F79EFBC}") = "DemoWpfCheckboxClick", "DemoWpfCheckboxClick\DemoWpfCheckboxClick.csproj", "{658F0C26-F96D-49C4-A197-9A266A206237}"
EndProject
Project("{FAE04EC0-301F-11D3-BF4B-00C04F79EFBC}") = "DemoWpfComboBox", "DemoWpfComboBox\DemoWpfComboBox.csproj", "{5B8D0A24-B831-4901-87F1-F35FBA192744}"
EndProject
Project("{FAE04EC0-301F-11D3-BF4B-00C04F79EFBC}") = "DemoWpfImage", "DemoWpfImage\DemoWpfImage.csproj", "{9E304436-9A62-4E2E-9002-EA4DBBE37302}"
EndProject
Project("{FAE04EC0-301F-11D3-BF4B-00C04F79EFBC}") = "DemoWpfListBox", "DemoWpfListBox\DemoWpfListBox.csproj", "{EDBF5DEB-8019-4DB6-B602-586E402DEA3D}"
EndProject
Project("{FAE04EC0-301F-11D3-BF4B-00C04F79EFBC}") = "DemoWpfRadioButton", "DemoWpfRadioButton\DemoWpfRadioButton.csproj", "{E38E96D5-2C9A-4F97-9EBA-50694C83B0F2}"
EndProject
Project("{FAE04EC0-301F-11D3-BF4B-00C04F79EFBC}") = "DemoWpfTextBox", "DemoWpfTextBox\DemoWpfTextBox.csproj", "{34F50B5B-7A4E-4FC2-AB51-12CC6A563722}"
EndProject
Project("{FAE04EC0-301F-11D3-BF4B-00C04F79EFBC}") = "DemoWpfSliderRectangle", "DemoWpfSliderRectangle\DemoWpfSliderRectangle.csproj", "{7F7E50BD-0491-49DA-A0D4-2C9CC8DD88ED}"
EndProject
Project("{FAE04EC0-301F-11D3-BF4B-00C04F79EFBC}") = "DemoWpfWelkom", "DemoWpfWelkom\DemoWpfWelkom.csproj", "{05DFCDA3-33AC-4BFA-A0DB-6A78FECB85E1}"
EndProject
Project("{FAE04EC0-301F-11D3-BF4B-00C04F79EFBC}") = "DemoConsoleWelkom", "DemoConsoleWelkom\DemoConsoleWelkom.csproj", "{4DD57BD5-5EFD-462A-96E7-C368BB5740F3}"
EndProject
Project("{FAE04EC0-301F-11D3-BF4B-00C04F79EFBC}") = "DemoWpfRandom", "DemoWpfRandom\DemoWpfRandom.csproj", "{FADB0D46-F023-4A66-BAA2-44DE1CEDB0AD}"
EndProject
Global
	GlobalSection(SolutionConfigurationPlatforms) = preSolution
		Debug|Any CPU = Debug|Any CPU
		Release|Any CPU = Release|Any CPU
	EndGlobalSection
	GlobalSection(ProjectConfigurationPlatforms) = postSolution
		{37E2D803-816C-4359-809B-BB85C4FAC88A}.Debug|Any CPU.ActiveCfg = Debug|Any CPU
		{37E2D803-816C-4359-809B-BB85C4FAC88A}.Debug|Any CPU.Build.0 = Debug|Any CPU
		{37E2D803-816C-4359-809B-BB85C4FAC88A}.Release|Any CPU.ActiveCfg = Release|Any CPU
		{37E2D803-816C-4359-809B-BB85C4FAC88A}.Release|Any CPU.Build.0 = Release|Any CPU
		{06482C48-88E8-4B66-BDE9-ED3843477507}.Debug|Any CPU.ActiveCfg = Debug|Any CPU
		{06482C48-88E8-4B66-BDE9-ED3843477507}.Debug|Any CPU.Build.0 = Debug|Any CPU
		{06482C48-88E8-4B66-BDE9-ED3843477507}.Release|Any CPU.ActiveCfg = Release|Any CPU
		{06482C48-88E8-4B66-BDE9-ED3843477507}.Release|Any CPU.Build.0 = Release|Any CPU
		{658F0C26-F96D-49C4-A197-9A266A206237}.Debug|Any CPU.ActiveCfg = Debug|Any CPU
		{658F0C26-F96D-49C4-A197-9A266A206237}.Debug|Any CPU.Build.0 = Debug|Any CPU
		{658F0C26-F96D-49C4-A197-9A266A206237}.Release|Any CPU.ActiveCfg = Release|Any CPU
		{658F0C26-F96D-49C4-A197-9A266A206237}.Release|Any CPU.Build.0 = Release|Any CPU
		{5B8D0A24-B831-4901-87F1-F35FBA192744}.Debug|Any CPU.ActiveCfg = Debug|Any CPU
		{5B8D0A24-B831-4901-87F1-F35FBA192744}.Debug|Any CPU.Build.0 = Debug|Any CPU
		{5B8D0A24-B831-4901-87F1-F35FBA192744}.Release|Any CPU.ActiveCfg = Release|Any CPU
		{5B8D0A24-B831-4901-87F1-F35FBA192744}.Release|Any CPU.Build.0 = Release|Any CPU
		{9E304436-9A62-4E2E-9002-EA4DBBE37302}.Debug|Any CPU.ActiveCfg = Debug|Any CPU
		{9E304436-9A62-4E2E-9002-EA4DBBE37302}.Debug|Any CPU.Build.0 = Debug|Any CPU
		{9E304436-9A62-4E2E-9002-EA4DBBE37302}.Release|Any CPU.ActiveCfg = Release|Any CPU
		{9E304436-9A62-4E2E-9002-EA4DBBE37302}.Release|Any CPU.Build.0 = Release|Any CPU
		{EDBF5DEB-8019-4DB6-B602-586E402DEA3D}.Debug|Any CPU.ActiveCfg = Debug|Any CPU
		{EDBF5DEB-8019-4DB6-B602-586E402DEA3D}.Debug|Any CPU.Build.0 = Debug|Any CPU
		{EDBF5DEB-8019-4DB6-B602-586E402DEA3D}.Release|Any CPU.ActiveCfg = Release|Any CPU
		{EDBF5DEB-8019-4DB6-B602-586E402DEA3D}.Release|Any CPU.Build.0 = Release|Any CPU
		{E38E96D5-2C9A-4F97-9EBA-50694C83B0F2}.Debug|Any CPU.ActiveCfg = Debug|Any CPU
		{E38E96D5-2C9A-4F97-9EBA-50694C83B0F2}.Debug|Any CPU.Build.0 = Debug|Any CPU
		{E38E96D5-2C9A-4F97-9EBA-50694C83B0F2}.Release|Any CPU.ActiveCfg = Release|Any CPU
		{E38E96D5-2C9A-4F97-9EBA-50694C83B0F2}.Release|Any CPU.Build.0 = Release|Any CPU
		{34F50B5B-7A4E-4FC2-AB51-12CC6A563722}.Debug|Any CPU.ActiveCfg = Debug|Any CPU
		{34F50B5B-7A4E-4FC2-AB51-12CC6A563722}.Debug|Any CPU.Build.0 = Debug|Any CPU
		{34F50B5B-7A4E-4FC2-AB51-12CC6A563722}.Release|Any CPU.ActiveCfg = Release|Any CPU
		{34F50B5B-7A4E-4FC2-AB51-12CC6A563722}.Release|Any CPU.Build.0 = Release|Any CPU
		{7F7E50BD-0491-49DA-A0D4-2C9CC8DD88ED}.Debug|Any CPU.ActiveCfg = Debug|Any CPU
		{7F7E50BD-0491-49DA-A0D4-2C9CC8DD88ED}.Debug|Any CPU.Build.0 = Debug|Any CPU
		{7F7E50BD-0491-49DA-A0D4-2C9CC8DD88ED}.Release|Any CPU.ActiveCfg = Release|Any CPU
		{7F7E50BD-0491-49DA-A0D4-2C9CC8DD88ED}.Release|Any CPU.Build.0 = Release|Any CPU
		{05DFCDA3-33AC-4BFA-A0DB-6A78FECB85E1}.Debug|Any CPU.ActiveCfg = Debug|Any CPU
		{05DFCDA3-33AC-4BFA-A0DB-6A78FECB85E1}.Debug|Any CPU.Build.0 = Debug|Any CPU
		{05DFCDA3-33AC-4BFA-A0DB-6A78FECB85E1}.Release|Any CPU.ActiveCfg = Release|Any CPU
		{05DFCDA3-33AC-4BFA-A0DB-6A78FECB85E1}.Release|Any CPU.Build.0 = Release|Any CPU
		{4DD57BD5-5EFD-462A-96E7-C368BB5740F3}.Debug|Any CPU.ActiveCfg = Debug|Any CPU
		{4DD57BD5-5EFD-462A-96E7-C368BB5740F3}.Debug|Any CPU.Build.0 = Debug|Any CPU
		{4DD57BD5-5EFD-462A-96E7-C368BB5740F3}.Release|Any CPU.ActiveCfg = Release|Any CPU
		{4DD57BD5-5EFD-462A-96E7-C368BB5740F3}.Release|Any CPU.Build.0 = Release|Any CPU
		{FADB0D46-F023-4A66-BAA2-44DE1CEDB0AD}.Debug|Any CPU.ActiveCfg = Debug|Any CPU
		{FADB0D46-F023-4A66-BAA2-44DE1CEDB0AD}.Debug|Any CPU.Build.0 = Debug|Any CPU
		{FADB0D46-F023-4A66-BAA2-44DE1CEDB0AD}.Release|Any CPU.ActiveCfg = Release|Any CPU
		{FADB0D46-F023-4A66-BAA2-44DE1CEDB0AD}.Release|Any CPU.Build.0 = Release|Any CPU
	EndGlobalSection
	GlobalSection(SolutionProperties) = preSolution
		HideSolutionNode = FALSE
	EndGlobalSection
	GlobalSection(ExtensibilityGlobals) = postSolution
		SolutionGuid = {E8B5F95E-DDFB-4B5E-B330-BBD2F25098E1}
	EndGlobalSection
EndGlobal
